{"1.2.0",
[{<<"cowboy">>,{pkg,<<"cowboy">>,<<"2.12.0">>},0},
 {<<"cowlib">>,{pkg,<<"cowlib">>,<<"2.13.0">>},1},
 {<<"gen_pnet">>,{pkg,<<"gen_pnet">>,<<"0.1.7">>},0},
 {<<"jiffy">>,{pkg,<<"jiffy">>,<<"1.1.1">>},0},
 {<<"lib_combin">>,{pkg,<<"lib_combin">>,<<"0.1.5">>},1},
 {<<"ranch">>,{pkg,<<"ranch">>,<<"1.8.0">>},1}]}.
[
{pkg_hash,[
 {<<"cowboy">>, <<"F276D521A1FF88B2B9B4C54D0E753DA6C66DD7BE6C9FCA3D9418B561828A3731">>},
 {<<"cowlib">>, <<"DB8F7505D8332D98EF50A3EF34B34C1AFDDEC7506E4EE4DD4A3A266285D282CA">>},
 {<<"gen_pnet">>, <<"2463E819D945283EABB55B1BCF6E2E60FF80C9D8E7ABBADCEFE9E67513D1910B">>},
 {<<"jiffy">>, <<"ACA10F47AA91697BF24AB9582C74E00E8E95474C7EF9F76D4F1A338D0F5DE21B">>},
 {<<"lib_combin">>, <<"00F241FDCB6AFFFC1DE109A61A216C07E4E51C52CCB165656565BF660E7C78EB">>},
 {<<"ranch">>, <<"8C7A100A139FD57F17327B6413E4167AC559FBC04CA7448E9BE9057311597A1D">>}]},
{pkg_hash_ext,[
 {<<"cowboy">>, <<"8A7ABE6D183372CEB21CAA2709BEC928AB2B72E18A3911AA1771639BEF82651E">>},
 {<<"cowlib">>, <<"E1E1284DC3FC030A64B1AD0D8382AE7E99DA46C3246B815318A4B848873800A4">>},
 {<<"gen_pnet">>, <<"30C19EECF0C0A974F0ED53DC7143D25A4B9A3F203071094BD3970BB907427B98">>},
 {<<"jiffy">>, <<"62E1F0581C3C19C33A725C781DFA88410D8BFF1BBAFC3885A2552286B4785C4C">>},
 {<<"lib_combin">>, <<"D565215B9E5B3B1EF0B1A5DEDD0CC41AEA0814D6EAD6191584B5961C9DB874D5">>},
 {<<"ranch">>, <<"49FBCFD3682FAB1F5D109351B61257676DA1A2FDBE295904176D5E521A2DDFE5">>}]}
].
